// !$*UTF8*$!
{
	archiveVersion = 1;
	classes = {
	};
	objectVersion = 46;
	objects = {

/* Begin PBXBuildFile section */
		CD0C46251C67475D003910DF /* AppDelegate.m in Sources */ = {isa = PBXBuildFile; fileRef = CD0C46241C67475D003910DF /* AppDelegate.m */; };
		CD0C46281C67475D003910DF /* main.m in Sources */ = {isa = PBXBuildFile; fileRef = CD0C46271C67475D003910DF /* main.m */; };
		CD0C462A1C67475D003910DF /* Assets.xcassets in Resources */ = {isa = PBXBuildFile; fileRef = CD0C46291C67475D003910DF /* Assets.xcassets */; };
		CD0C462D1C67475D003910DF /* MainMenu.xib in Resources */ = {isa = PBXBuildFile; fileRef = CD0C462B1C67475D003910DF /* MainMenu.xib */; };
		CD0C46541C67C32B003910DF /* go-peerflix in Resources */ = {isa = PBXBuildFile; fileRef = CD0C46531C67C32B003910DF /* go-peerflix */; };
		CD0C46551C67C330003910DF /* go-peerflix in CopyFiles */ = {isa = PBXBuildFile; fileRef = CD0C46531C67C32B003910DF /* go-peerflix */; settings = {ATTRIBUTES = (CodeSignOnCopy, ); }; };
		CD791E431C6887300098F7C3 /* ZMQContext.m in Sources */ = {isa = PBXBuildFile; fileRef = CD791E3D1C6887300098F7C3 /* ZMQContext.m */; };
		CD791E441C6887300098F7C3 /* ZMQException.m in Sources */ = {isa = PBXBuildFile; fileRef = CD791E3F1C6887300098F7C3 /* ZMQException.m */; };
		CD791E451C6887300098F7C3 /* ZMQSocket.m in Sources */ = {isa = PBXBuildFile; fileRef = CD791E421C6887300098F7C3 /* ZMQSocket.m */; };
/* End PBXBuildFile section */

/* Begin PBXCopyFilesBuildPhase section */
		CD0C46521C67C312003910DF /* CopyFiles */ = {
			isa = PBXCopyFilesBuildPhase;
			buildActionMask = 2147483647;
			dstPath = "";
			dstSubfolderSpec = 6;
			files = (
				CD0C46551C67C330003910DF /* go-peerflix in CopyFiles */,
			);
			runOnlyForDeploymentPostprocessing = 0;
		};
/* End PBXCopyFilesBuildPhase section */

/* Begin PBXFileReference section */
		CD0C46201C67475D003910DF /* PeerPlayer.app */ = {isa = PBXFileReference; explicitFileType = wrapper.application; includeInIndex = 0; path = PeerPlayer.app; sourceTree = BUILT_PRODUCTS_DIR; };
		CD0C46231C67475D003910DF /* AppDelegate.h */ = {isa = PBXFileReference; lastKnownFileType = sourcecode.c.h; path = AppDelegate.h; sourceTree = "<group>"; };
		CD0C46241C67475D003910DF /* AppDelegate.m */ = {isa = PBXFileReference; lastKnownFileType = sourcecode.c.objc; path = AppDelegate.m; sourceTree = "<group>"; };
		CD0C46271C67475D003910DF /* main.m */ = {isa = PBXFileReference; lastKnownFileType = sourcecode.c.objc; path = main.m; sourceTree = "<group>"; };
		CD0C46291C67475D003910DF /* Assets.xcassets */ = {isa = PBXFileReference; lastKnownFileType = folder.assetcatalog; path = Assets.xcassets; sourceTree = "<group>"; };
		CD0C462C1C67475D003910DF /* Base */ = {isa = PBXFileReference; lastKnownFileType = file.xib; name = Base; path = Base.lproj/MainMenu.xib; sourceTree = "<group>"; };
		CD0C462E1C67475D003910DF /* Info.plist */ = {isa = PBXFileReference; lastKnownFileType = text.plist.xml; path = Info.plist; sourceTree = "<group>"; };
		CD0C46531C67C32B003910DF /* go-peerflix */ = {isa = PBXFileReference; lastKnownFileType = "compiled.mach-o.executable"; path = "go-peerflix"; sourceTree = "<group>"; };
		CD791E3C1C6887300098F7C3 /* ZMQContext.h */ = {isa = PBXFileReference; fileEncoding = 4; lastKnownFileType = sourcecode.c.h; path = ZMQContext.h; sourceTree = "<group>"; };
		CD791E3D1C6887300098F7C3 /* ZMQContext.m */ = {isa = PBXFileReference; fileEncoding = 4; lastKnownFileType = sourcecode.c.objc; path = ZMQContext.m; sourceTree = "<group>"; };
		CD791E3E1C6887300098F7C3 /* ZMQException.h */ = {isa = PBXFileReference; fileEncoding = 4; lastKnownFileType = sourcecode.c.h; path = ZMQException.h; sourceTree = "<group>"; };
		CD791E3F1C6887300098F7C3 /* ZMQException.m */ = {isa = PBXFileReference; fileEncoding = 4; lastKnownFileType = sourcecode.c.objc; path = ZMQException.m; sourceTree = "<group>"; };
		CD791E401C6887300098F7C3 /* ZMQObjC.h */ = {isa = PBXFileReference; fileEncoding = 4; lastKnownFileType = sourcecode.c.h; path = ZMQObjC.h; sourceTree = "<group>"; };
		CD791E411C6887300098F7C3 /* ZMQSocket.h */ = {isa = PBXFileReference; fileEncoding = 4; lastKnownFileType = sourcecode.c.h; path = ZMQSocket.h; sourceTree = "<group>"; };
		CD791E421C6887300098F7C3 /* ZMQSocket.m */ = {isa = PBXFileReference; fileEncoding = 4; lastKnownFileType = sourcecode.c.objc; path = ZMQSocket.m; sourceTree = "<group>"; };
/* End PBXFileReference section */

/* Begin PBXFrameworksBuildPhase section */
		CD0C461D1C67475D003910DF /* Frameworks */ = {
			isa = PBXFrameworksBuildPhase;
			buildActionMask = 2147483647;
			files = (
			);
			runOnlyForDeploymentPostprocessing = 0;
		};
/* End PBXFrameworksBuildPhase section */

/* Begin PBXGroup section */
		CD0C46171C67475D003910DF = {
			isa = PBXGroup;
			children = (
				CD791E3B1C6887300098F7C3 /* objc-zmq */,
				CD0C46531C67C32B003910DF /* go-peerflix */,
				CD0C46221C67475D003910DF /* PeerPlayer */,
				CD0C46211C67475D003910DF /* Products */,
			);
			sourceTree = "<group>";
		};
		CD0C46211C67475D003910DF /* Products */ = {
			isa = PBXGroup;
			children = (
				CD0C46201C67475D003910DF /* PeerPlayer.app */,
			);
			name = Products;
			sourceTree = "<group>";
		};
		CD0C46221C67475D003910DF /* PeerPlayer */ = {
			isa = PBXGroup;
			children = (
				CD0C46231C67475D003910DF /* AppDelegate.h */,
				CD0C46241C67475D003910DF /* AppDelegate.m */,
				CD0C46291C67475D003910DF /* Assets.xcassets */,
				CD0C462B1C67475D003910DF /* MainMenu.xib */,
				CD0C462E1C67475D003910DF /* Info.plist */,
				CD0C46261C67475D003910DF /* Supporting Files */,
			);
			path = PeerPlayer;
			sourceTree = "<group>";
		};
		CD0C46261C67475D003910DF /* Supporting Files */ = {
			isa = PBXGroup;
			children = (
				CD0C46271C67475D003910DF /* main.m */,
			);
			name = "Supporting Files";
			sourceTree = "<group>";
		};
		CD791E3B1C6887300098F7C3 /* objc-zmq */ = {
			isa = PBXGroup;
			children = (
				CD791E3C1C6887300098F7C3 /* ZMQContext.h */,
				CD791E3D1C6887300098F7C3 /* ZMQContext.m */,
				CD791E3E1C6887300098F7C3 /* ZMQException.h */,
				CD791E3F1C6887300098F7C3 /* ZMQException.m */,
				CD791E401C6887300098F7C3 /* ZMQObjC.h */,
				CD791E411C6887300098F7C3 /* ZMQSocket.h */,
				CD791E421C6887300098F7C3 /* ZMQSocket.m */,
			);
			path = "objc-zmq";
			sourceTree = "<group>";
		};
/* End PBXGroup section */

/* Begin PBXNativeTarget section */
		CD0C461F1C67475D003910DF /* PeerPlayer */ = {
			isa = PBXNativeTarget;
			buildConfigurationList = CD0C46311C67475D003910DF /* Build configuration list for PBXNativeTarget "PeerPlayer" */;
			buildPhases = (
				CD0C461C1C67475D003910DF /* Sources */,
				CD0C461D1C67475D003910DF /* Frameworks */,
				CD0C461E1C67475D003910DF /* Resources */,
				CD0C46521C67C312003910DF /* CopyFiles */,
			);
			buildRules = (
			);
			dependencies = (
			);
			name = PeerPlayer;
			productName = PeerPlayer;
			productReference = CD0C46201C67475D003910DF /* PeerPlayer.app */;
			productType = "com.apple.product-type.application";
		};
/* End PBXNativeTarget section */

/* Begin PBXProject section */
		CD0C46181C67475D003910DF /* Project object */ = {
			isa = PBXProject;
			attributes = {
				LastUpgradeCheck = 0720;
				ORGANIZATIONNAME = HackersTalk;
				TargetAttributes = {
					CD0C461F1C67475D003910DF = {
						CreatedOnToolsVersion = 7.2;
					};
				};
			};
			buildConfigurationList = CD0C461B1C67475D003910DF /* Build configuration list for PBXProject "PeerPlayer" */;
			compatibilityVersion = "Xcode 3.2";
			developmentRegion = English;
			hasScannedForEncodings = 0;
			knownRegions = (
				en,
				Base,
			);
			mainGroup = CD0C46171C67475D003910DF;
			productRefGroup = CD0C46211C67475D003910DF /* Products */;
			projectDirPath = "";
			projectRoot = "";
			targets = (
				CD0C461F1C67475D003910DF /* PeerPlayer */,
			);
		};
/* End PBXProject section */

/* Begin PBXResourcesBuildPhase section */
		CD0C461E1C67475D003910DF /* Resources */ = {
			isa = PBXResourcesBuildPhase;
			buildActionMask = 2147483647;
			files = (
				CD0C462A1C67475D003910DF /* Assets.xcassets in Resources */,
				CD0C462D1C67475D003910DF /* MainMenu.xib in Resources */,
				CD0C46541C67C32B003910DF /* go-peerflix in Resources */,
			);
			runOnlyForDeploymentPostprocessing = 0;
		};
/* End PBXResourcesBuildPhase section */

/* Begin PBXSourcesBuildPhase section */
		CD0C461C1C67475D003910DF /* Sources */ = {
			isa = PBXSourcesBuildPhase;
			buildActionMask = 2147483647;
			files = (
				CD791E441C6887300098F7C3 /* ZMQException.m in Sources */,
				CD791E431C6887300098F7C3 /* ZMQContext.m in Sources */,
				CD0C46281C67475D003910DF /* main.m in Sources */,
				CD0C46251C67475D003910DF /* AppDelegate.m in Sources */,
				CD791E451C6887300098F7C3 /* ZMQSocket.m in Sources */,
			);
			runOnlyForDeploymentPostprocessing = 0;
		};
/* End PBXSourcesBuildPhase section */

/* Begin PBXVariantGroup section */
		CD0C462B1C67475D003910DF /* MainMenu.xib */ = {
			isa = PBXVariantGroup;
			children = (
				CD0C462C1C67475D003910DF /* Base */,
			);
			name = MainMenu.xib;
			sourceTree = "<group>";
		};
/* End PBXVariantGroup section */

/* Begin XCBuildConfiguration section */
		CD0C462F1C67475D003910DF /* Debug */ = {
			isa = XCBuildConfiguration;
			buildSettings = {
				ALWAYS_SEARCH_USER_PATHS = NO;
				CLANG_CXX_LANGUAGE_STANDARD = "gnu++0x";
				CLANG_CXX_LIBRARY = "libc++";
				CLANG_ENABLE_MODULES = YES;
				CLANG_ENABLE_OBJC_ARC = YES;
				CLANG_WARN_BOOL_CONVERSION = YES;
				CLANG_WARN_CONSTANT_CONVERSION = YES;
				CLANG_WARN_DIRECT_OBJC_ISA_USAGE = YES_ERROR;
				CLANG_WARN_EMPTY_BODY = YES;
				CLANG_WARN_ENUM_CONVERSION = YES;
				CLANG_WARN_INT_CONVERSION = YES;
				CLANG_WARN_OBJC_ROOT_CLASS = YES_ERROR;
				CLANG_WARN_UNREACHABLE_CODE = YES;
				CLANG_WARN__DUPLICATE_METHOD_MATCH = YES;
				CODE_SIGN_IDENTITY = "-";
				COPY_PHASE_STRIP = NO;
				DEBUG_INFORMATION_FORMAT = dwarf;
				ENABLE_STRICT_OBJC_MSGSEND = YES;
				ENABLE_TESTABILITY = YES;
				GCC_C_LANGUAGE_STANDARD = gnu99;
				GCC_DYNAMIC_NO_PIC = NO;
				GCC_NO_COMMON_BLOCKS = YES;
				GCC_OPTIMIZATION_LEVEL = 0;
				GCC_PREPROCESSOR_DEFINITIONS = (
					"DEBUG=1",
					"$(inherited)",
				);
				GCC_WARN_64_TO_32_BIT_CONVERSION = YES;
				GCC_WARN_ABOUT_RETURN_TYPE = YES_ERROR;
				GCC_WARN_UNDECLARED_SELECTOR = YES;
				GCC_WARN_UNINITIALIZED_AUTOS = YES_AGGRESSIVE;
				GCC_WARN_UNUSED_FUNCTION = YES;
				GCC_WARN_UNUSED_VARIABLE = YES;
				MACOSX_DEPLOYMENT_TARGET = 10.10;
				MTL_ENABLE_DEBUG_INFO = YES;
				ONLY_ACTIVE_ARCH = YES;
				SDKROOT = macosx;
			};
			name = Debug;
		};
		CD0C46301C67475D003910DF /* Release */ = {
			isa = XCBuildConfiguration;
			buildSettings = {
				ALWAYS_SEARCH_USER_PATHS = NO;
				CLANG_CXX_LANGUAGE_STANDARD = "gnu++0x";
				CLANG_CXX_LIBRARY = "libc++";
				CLANG_ENABLE_MODULES = YES;
				CLANG_ENABLE_OBJC_ARC = YES;
				CLANG_WARN_BOOL_CONVERSION = YES;
				CLANG_WARN_CONSTANT_CONVERSION = YES;
				CLANG_WARN_DIRECT_OBJC_ISA_USAGE = YES_ERROR;
				CLANG_WARN_EMPTY_BODY = YES;
				CLANG_WARN_ENUM_CONVERSION = YES;
				CLANG_WARN_INT_CONVERSION = YES;
				CLANG_WARN_OBJC_ROOT_CLASS = YES_ERROR;
				CLANG_WARN_UNREACHABLE_CODE = YES;
				CLANG_WARN__DUPLICATE_METHOD_MATCH = YES;
				CODE_SIGN_IDENTITY = "-";
				COPY_PHASE_STRIP = NO;
				DEBUG_INFORMATION_FORMAT = "dwarf-with-dsym";
				ENABLE_NS_ASSERTIONS = NO;
				ENABLE_STRICT_OBJC_MSGSEND = YES;
				GCC_C_LANGUAGE_STANDARD = gnu99;
				GCC_NO_COMMON_BLOCKS = YES;
				GCC_WARN_64_TO_32_BIT_CONVERSION = YES;
				GCC_WARN_ABOUT_RETURN_TYPE = YES_ERROR;
				GCC_WARN_UNDECLARED_SELECTOR = YES;
				GCC_WARN_UNINITIALIZED_AUTOS = YES_AGGRESSIVE;
				GCC_WARN_UNUSED_FUNCTION = YES;
				GCC_WARN_UNUSED_VARIABLE = YES;
				MACOSX_DEPLOYMENT_TARGET = 10.10;
				MTL_ENABLE_DEBUG_INFO = NO;
				SDKROOT = macosx;
			};
			name = Release;
		};
		CD0C46321C67475D003910DF /* Debug */ = {
			isa = XCBuildConfiguration;
			buildSettings = {
				ASSETCATALOG_COMPILER_APPICON_NAME = AppIcon;
				COMBINE_HIDPI_IMAGES = YES;
				HEADER_SEARCH_PATHS = (
					/usr/local/include,
					/usr/local/Cellar/zeromq405/4.0.5/include,
				);
				INFOPLIST_FILE = PeerPlayer/Info.plist;
				LD_RUNPATH_SEARCH_PATHS = "$(inherited) @executable_path/../Frameworks";
				LIBRARY_SEARCH_PATHS = (
					"$(inherited)",
					/usr/local/lib,
					/usr/local/Cellar/zeromq405/4.0.5/lib,
				);
				OTHER_LDFLAGS = (
					"-lmpv",
					"-lzmq",
				);
				PRODUCT_BUNDLE_IDENTIFIER = com.hackerstalk.peerplayer.PeerPlayer;
				PRODUCT_NAME = "$(TARGET_NAME)";
			};
			name = Debug;
		};
		CD0C46331C67475D003910DF /* Release */ = {
			isa = XCBuildConfiguration;
			buildSettings = {
				ASSETCATALOG_COMPILER_APPICON_NAME = AppIcon;
				COMBINE_HIDPI_IMAGES = YES;
				HEADER_SEARCH_PATHS = (
					/usr/local/include,
					/usr/local/Cellar/zeromq405/4.0.5/include,
				);
				INFOPLIST_FILE = PeerPlayer/Info.plist;
				LD_RUNPATH_SEARCH_PATHS = "$(inherited) @executable_path/../Frameworks";
				LIBRARY_SEARCH_PATHS = (
					"$(inherited)",
					/usr/local/lib,
					/usr/local/Cellar/zeromq405/4.0.5/lib,
				);
				OTHER_LDFLAGS = (
					"-lmpv",
					"-lzmq",
				);
				PRODUCT_BUNDLE_IDENTIFIER = com.hackerstalk.peerplayer.PeerPlayer;
				PRODUCT_NAME = "$(TARGET_NAME)";
			};
			name = Release;
		};
/* End XCBuildConfiguration section */

/* Begin XCConfigurationList section */
		CD0C461B1C67475D003910DF /* Build configuration list for PBXProject "PeerPlayer" */ = {
			isa = XCConfigurationList;
			buildConfigurations = (
				CD0C462F1C67475D003910DF /* Debug */,
				CD0C46301C67475D003910DF /* Release */,
			);
			defaultConfigurationIsVisible = 0;
			defaultConfigurationName = Release;
		};
		CD0C46311C67475D003910DF /* Build configuration list for PBXNativeTarget "PeerPlayer" */ = {
			isa = XCConfigurationList;
			buildConfigurations = (
				CD0C46321C67475D003910DF /* Debug */,
				CD0C46331C67475D003910DF /* Release */,
			);
			defaultConfigurationIsVisible = 0;
			defaultConfigurationName = Release;
		};
/* End XCConfigurationList section */
	};
	rootObject = CD0C46181C67475D003910DF /* Project object */;
}
