// !$*UTF8*$!
{
	archiveVersion = 1;
	classes = {
	};
	objectVersion = 46;
	objects = {

/* Begin PBXBuildFile section */
		CD0C46251C67475D003910DF /* AppDelegate.m in Sources */ = {isa = PBXBuildFile; fileRef = CD0C46241C67475D003910DF /* AppDelegate.m */; };
		CD0C46281C67475D003910DF /* main.m in Sources */ = {isa = PBXBuildFile; fileRef = CD0C46271C67475D003910DF /* main.m */; };
		CD0C462A1C67475D003910DF /* Assets.xcassets in Resources */ = {isa = PBXBuildFile; fileRef = CD0C46291C67475D003910DF /* Assets.xcassets */; };
		CD0C462D1C67475D003910DF /* MainMenu.xib in Resources */ = {isa = PBXBuildFile; fileRef = CD0C462B1C67475D003910DF /* MainMenu.xib */; };
		CD28138A1C94527C0039D143 /* Playlist.m in Sources */ = {isa = PBXBuildFile; fileRef = CD2813891C94527C0039D143 /* Playlist.m */; };
		CD4FE6501C85C98700FC6456 /* OverlayTextView.m in Sources */ = {isa = PBXBuildFile; fileRef = CD4FE64F1C85C98700FC6456 /* OverlayTextView.m */; };
		CD67EA3D1C6E54C20061BA00 /* ControlUI.m in Sources */ = {isa = PBXBuildFile; fileRef = CD67EA3C1C6E54C20061BA00 /* ControlUI.m */; };
		CD67EA401C6E58BF0061BA00 /* RootView.m in Sources */ = {isa = PBXBuildFile; fileRef = CD67EA3F1C6E58BF0061BA00 /* RootView.m */; };
		CD67EA481C6FDC440061BA00 /* go-peerflix.a in Frameworks */ = {isa = PBXBuildFile; fileRef = CD67EA461C6FDC440061BA00 /* go-peerflix.a */; };
		CD724E231C6A311000F931C0 /* MpvController.m in Sources */ = {isa = PBXBuildFile; fileRef = CD724E221C6A311000F931C0 /* MpvController.m */; };
		CD724E261C6A35B100F931C0 /* Peerflix.m in Sources */ = {isa = PBXBuildFile; fileRef = CD724E251C6A35B100F931C0 /* Peerflix.m */; };
		CD724E291C6AF27B00F931C0 /* PeerPlayer.icns in Resources */ = {isa = PBXBuildFile; fileRef = CD724E281C6AF27B00F931C0 /* PeerPlayer.icns */; };
		CD791E7D1C69A3080098F7C3 /* MagnetOpenController.m in Sources */ = {isa = PBXBuildFile; fileRef = CD791E7C1C69A3080098F7C3 /* MagnetOpenController.m */; };
		CDC345191C79CB5C00687FBD /* MpvEvent.m in Sources */ = {isa = PBXBuildFile; fileRef = CDC345181C79CB5C00687FBD /* MpvEvent.m */; };
/* End PBXBuildFile section */

/* Begin PBXFileReference section */
		CD0C46201C67475D003910DF /* PeerPlayer.app */ = {isa = PBXFileReference; explicitFileType = wrapper.application; includeInIndex = 0; path = PeerPlayer.app; sourceTree = BUILT_PRODUCTS_DIR; };
		CD0C46231C67475D003910DF /* AppDelegate.h */ = {isa = PBXFileReference; lastKnownFileType = sourcecode.c.h; path = AppDelegate.h; sourceTree = "<group>"; };
		CD0C46241C67475D003910DF /* AppDelegate.m */ = {isa = PBXFileReference; lastKnownFileType = sourcecode.c.objc; path = AppDelegate.m; sourceTree = "<group>"; };
		CD0C46271C67475D003910DF /* main.m */ = {isa = PBXFileReference; lastKnownFileType = sourcecode.c.objc; path = main.m; sourceTree = "<group>"; };
		CD0C46291C67475D003910DF /* Assets.xcassets */ = {isa = PBXFileReference; lastKnownFileType = folder.assetcatalog; path = Assets.xcassets; sourceTree = "<group>"; };
		CD0C462C1C67475D003910DF /* Base */ = {isa = PBXFileReference; lastKnownFileType = file.xib; name = Base; path = Base.lproj/MainMenu.xib; sourceTree = "<group>"; };
		CD0C462E1C67475D003910DF /* Info.plist */ = {isa = PBXFileReference; lastKnownFileType = text.plist.xml; path = Info.plist; sourceTree = "<group>"; };
		CD2813881C94527C0039D143 /* Playlist.h */ = {isa = PBXFileReference; fileEncoding = 4; lastKnownFileType = sourcecode.c.h; path = Playlist.h; sourceTree = "<group>"; };
		CD2813891C94527C0039D143 /* Playlist.m */ = {isa = PBXFileReference; fileEncoding = 4; lastKnownFileType = sourcecode.c.objc; path = Playlist.m; sourceTree = "<group>"; };
		CD4FE64E1C85C98700FC6456 /* OverlayTextView.h */ = {isa = PBXFileReference; fileEncoding = 4; lastKnownFileType = sourcecode.c.h; path = OverlayTextView.h; sourceTree = "<group>"; };
		CD4FE64F1C85C98700FC6456 /* OverlayTextView.m */ = {isa = PBXFileReference; fileEncoding = 4; lastKnownFileType = sourcecode.c.objc; path = OverlayTextView.m; sourceTree = "<group>"; };
		CD67EA3B1C6E54C20061BA00 /* ControlUI.h */ = {isa = PBXFileReference; fileEncoding = 4; lastKnownFileType = sourcecode.c.h; name = ControlUI.h; path = PeerPlayer/ControlUI.h; sourceTree = "<group>"; };
		CD67EA3C1C6E54C20061BA00 /* ControlUI.m */ = {isa = PBXFileReference; fileEncoding = 4; lastKnownFileType = sourcecode.c.objc; name = ControlUI.m; path = PeerPlayer/ControlUI.m; sourceTree = "<group>"; };
		CD67EA3E1C6E58BF0061BA00 /* RootView.h */ = {isa = PBXFileReference; fileEncoding = 4; lastKnownFileType = sourcecode.c.h; path = RootView.h; sourceTree = "<group>"; };
		CD67EA3F1C6E58BF0061BA00 /* RootView.m */ = {isa = PBXFileReference; fileEncoding = 4; lastKnownFileType = sourcecode.c.objc; path = RootView.m; sourceTree = "<group>"; };
		CD67EA461C6FDC440061BA00 /* go-peerflix.a */ = {isa = PBXFileReference; lastKnownFileType = archive.ar; name = "go-peerflix.a"; path = "go-peerflix/go-peerflix.a"; sourceTree = "<group>"; };
		CD67EA471C6FDC440061BA00 /* go-peerflix.h */ = {isa = PBXFileReference; fileEncoding = 4; lastKnownFileType = sourcecode.c.h; name = "go-peerflix.h"; path = "go-peerflix/go-peerflix.h"; sourceTree = "<group>"; };
		CD724E211C6A311000F931C0 /* MpvController.h */ = {isa = PBXFileReference; fileEncoding = 4; lastKnownFileType = sourcecode.c.h; path = MpvController.h; sourceTree = "<group>"; };
		CD724E221C6A311000F931C0 /* MpvController.m */ = {isa = PBXFileReference; fileEncoding = 4; lastKnownFileType = sourcecode.c.objc; path = MpvController.m; sourceTree = "<group>"; };
		CD724E241C6A35B100F931C0 /* Peerflix.h */ = {isa = PBXFileReference; fileEncoding = 4; lastKnownFileType = sourcecode.c.h; path = Peerflix.h; sourceTree = "<group>"; };
		CD724E251C6A35B100F931C0 /* Peerflix.m */ = {isa = PBXFileReference; fileEncoding = 4; lastKnownFileType = sourcecode.c.objc; path = Peerflix.m; sourceTree = "<group>"; };
		CD724E281C6AF27B00F931C0 /* PeerPlayer.icns */ = {isa = PBXFileReference; lastKnownFileType = image.icns; path = PeerPlayer.icns; sourceTree = "<group>"; };
		CD791E7B1C69A3080098F7C3 /* MagnetOpenController.h */ = {isa = PBXFileReference; fileEncoding = 4; lastKnownFileType = sourcecode.c.h; name = MagnetOpenController.h; path = PeerPlayer/MagnetOpenController.h; sourceTree = "<group>"; };
		CD791E7C1C69A3080098F7C3 /* MagnetOpenController.m */ = {isa = PBXFileReference; fileEncoding = 4; lastKnownFileType = sourcecode.c.objc; name = MagnetOpenController.m; path = PeerPlayer/MagnetOpenController.m; sourceTree = "<group>"; };
		CDC345171C79CB5C00687FBD /* MpvEvent.h */ = {isa = PBXFileReference; fileEncoding = 4; lastKnownFileType = sourcecode.c.h; path = MpvEvent.h; sourceTree = "<group>"; };
		CDC345181C79CB5C00687FBD /* MpvEvent.m */ = {isa = PBXFileReference; fileEncoding = 4; lastKnownFileType = sourcecode.c.objc; path = MpvEvent.m; sourceTree = "<group>"; };
/* End PBXFileReference section */

/* Begin PBXFrameworksBuildPhase section */
		CD0C461D1C67475D003910DF /* Frameworks */ = {
			isa = PBXFrameworksBuildPhase;
			buildActionMask = 2147483647;
			files = (
				CD67EA481C6FDC440061BA00 /* go-peerflix.a in Frameworks */,
			);
			runOnlyForDeploymentPostprocessing = 0;
		};
/* End PBXFrameworksBuildPhase section */

/* Begin PBXGroup section */
		CD0C46171C67475D003910DF = {
			isa = PBXGroup;
			children = (
				CD67EA461C6FDC440061BA00 /* go-peerflix.a */,
				CD67EA471C6FDC440061BA00 /* go-peerflix.h */,
				CD0C46221C67475D003910DF /* PeerPlayer */,
				CD0C46211C67475D003910DF /* Products */,
			);
			sourceTree = "<group>";
		};
		CD0C46211C67475D003910DF /* Products */ = {
			isa = PBXGroup;
			children = (
				CD0C46201C67475D003910DF /* PeerPlayer.app */,
			);
			name = Products;
			sourceTree = "<group>";
		};
		CD0C46221C67475D003910DF /* PeerPlayer */ = {
			isa = PBXGroup;
			children = (
				CD724E201C6A2DFB00F931C0 /* Controllers */,
				CD67EA421C6E5DD40061BA00 /* View */,
				CD67EA411C6E5DAD0061BA00 /* Torrent */,
				CD3AE43E1C70DF2600960E72 /* Player */,
				CD724E271C6AF27B00F931C0 /* Icons */,
				CD0C46231C67475D003910DF /* AppDelegate.h */,
				CD0C46241C67475D003910DF /* AppDelegate.m */,
				CD0C46291C67475D003910DF /* Assets.xcassets */,
				CD0C462B1C67475D003910DF /* MainMenu.xib */,
				CD0C462E1C67475D003910DF /* Info.plist */,
				CD0C46261C67475D003910DF /* Supporting Files */,
				CD2813881C94527C0039D143 /* Playlist.h */,
				CD2813891C94527C0039D143 /* Playlist.m */,
			);
			path = PeerPlayer;
			sourceTree = "<group>";
		};
		CD0C46261C67475D003910DF /* Supporting Files */ = {
			isa = PBXGroup;
			children = (
				CD0C46271C67475D003910DF /* main.m */,
			);
			name = "Supporting Files";
			sourceTree = "<group>";
		};
		CD3AE43E1C70DF2600960E72 /* Player */ = {
			isa = PBXGroup;
			children = (
				CD724E211C6A311000F931C0 /* MpvController.h */,
				CD724E221C6A311000F931C0 /* MpvController.m */,
				CDC345171C79CB5C00687FBD /* MpvEvent.h */,
				CDC345181C79CB5C00687FBD /* MpvEvent.m */,
			);
			name = Player;
			sourceTree = "<group>";
		};
		CD67EA411C6E5DAD0061BA00 /* Torrent */ = {
			isa = PBXGroup;
			children = (
				CD724E241C6A35B100F931C0 /* Peerflix.h */,
				CD724E251C6A35B100F931C0 /* Peerflix.m */,
			);
			name = Torrent;
			sourceTree = "<group>";
		};
		CD67EA421C6E5DD40061BA00 /* View */ = {
			isa = PBXGroup;
			children = (
				CD67EA3E1C6E58BF0061BA00 /* RootView.h */,
				CD67EA3F1C6E58BF0061BA00 /* RootView.m */,
				CD4FE64E1C85C98700FC6456 /* OverlayTextView.h */,
				CD4FE64F1C85C98700FC6456 /* OverlayTextView.m */,
			);
			name = View;
			sourceTree = "<group>";
		};
		CD724E201C6A2DFB00F931C0 /* Controllers */ = {
			isa = PBXGroup;
			children = (
				CD791E7B1C69A3080098F7C3 /* MagnetOpenController.h */,
				CD791E7C1C69A3080098F7C3 /* MagnetOpenController.m */,
				CD67EA3B1C6E54C20061BA00 /* ControlUI.h */,
				CD67EA3C1C6E54C20061BA00 /* ControlUI.m */,
			);
			name = Controllers;
			path = ..;
			sourceTree = "<group>";
		};
		CD724E271C6AF27B00F931C0 /* Icons */ = {
			isa = PBXGroup;
			children = (
				CD724E281C6AF27B00F931C0 /* PeerPlayer.icns */,
			);
			path = Icons;
			sourceTree = "<group>";
		};
/* End PBXGroup section */

/* Begin PBXNativeTarget section */
		CD0C461F1C67475D003910DF /* PeerPlayer */ = {
			isa = PBXNativeTarget;
			buildConfigurationList = CD0C46311C67475D003910DF /* Build configuration list for PBXNativeTarget "PeerPlayer" */;
			buildPhases = (
				CD4FE6451C8326CF00FC6456 /* ShellScript */,
				CD0C461C1C67475D003910DF /* Sources */,
				CD0C461D1C67475D003910DF /* Frameworks */,
				CD0C461E1C67475D003910DF /* Resources */,
				CDC7FD981C71C1E20038C284 /* ShellScript */,
			);
			buildRules = (
			);
			dependencies = (
			);
			name = PeerPlayer;
			productName = PeerPlayer;
			productReference = CD0C46201C67475D003910DF /* PeerPlayer.app */;
			productType = "com.apple.product-type.application";
		};
/* End PBXNativeTarget section */

/* Begin PBXProject section */
		CD0C46181C67475D003910DF /* Project object */ = {
			isa = PBXProject;
			attributes = {
				LastUpgradeCheck = 0720;
				ORGANIZATIONNAME = HackersTalk;
				TargetAttributes = {
					CD0C461F1C67475D003910DF = {
						CreatedOnToolsVersion = 7.2;
					};
				};
			};
			buildConfigurationList = CD0C461B1C67475D003910DF /* Build configuration list for PBXProject "PeerPlayer" */;
			compatibilityVersion = "Xcode 3.2";
			developmentRegion = English;
			hasScannedForEncodings = 0;
			knownRegions = (
				en,
				Base,
			);
			mainGroup = CD0C46171C67475D003910DF;
			productRefGroup = CD0C46211C67475D003910DF /* Products */;
			projectDirPath = "";
			projectRoot = "";
			targets = (
				CD0C461F1C67475D003910DF /* PeerPlayer */,
			);
		};
/* End PBXProject section */

/* Begin PBXResourcesBuildPhase section */
		CD0C461E1C67475D003910DF /* Resources */ = {
			isa = PBXResourcesBuildPhase;
			buildActionMask = 2147483647;
			files = (
				CD0C462A1C67475D003910DF /* Assets.xcassets in Resources */,
				CD0C462D1C67475D003910DF /* MainMenu.xib in Resources */,
				CD724E291C6AF27B00F931C0 /* PeerPlayer.icns in Resources */,
			);
			runOnlyForDeploymentPostprocessing = 0;
		};
/* End PBXResourcesBuildPhase section */

/* Begin PBXShellScriptBuildPhase section */
		CD4FE6451C8326CF00FC6456 /* ShellScript */ = {
			isa = PBXShellScriptBuildPhase;
			buildActionMask = 2147483647;
			files = (
			);
			inputPaths = (
			);
			outputPaths = (
			);
			runOnlyForDeploymentPostprocessing = 0;
			shellPath = /bin/sh;
			shellScript = "source ~/.bash_profile\nexport PATH=$PATH:/usr/local/go/bin/\ncd go-peerflix\nmake\n";
		};
		CDC7FD981C71C1E20038C284 /* ShellScript */ = {
			isa = PBXShellScriptBuildPhase;
			buildActionMask = 8;
			files = (
			);
			inputPaths = (
			);
			outputPaths = (
			);
			runOnlyForDeploymentPostprocessing = 1;
			shellPath = /bin/sh;
			shellScript = "mkdir -p $BUILT_PRODUCTS_DIR/$CONTENTS_FOLDER_PATH/libs/\ndylibbundler $BUILT_PRODUCTS_DIR/$EXECUTABLE_PATH $BUILT_PRODUCTS_DIR/$CONTENTS_FOLDER_PATH/libs/ @executable_path/../libs/";
		};
/* End PBXShellScriptBuildPhase section */

/* Begin PBXSourcesBuildPhase section */
		CD0C461C1C67475D003910DF /* Sources */ = {
			isa = PBXSourcesBuildPhase;
			buildActionMask = 2147483647;
			files = (
				CD67EA3D1C6E54C20061BA00 /* ControlUI.m in Sources */,
				CD724E261C6A35B100F931C0 /* Peerflix.m in Sources */,
				CDC345191C79CB5C00687FBD /* MpvEvent.m in Sources */,
				CD0C46281C67475D003910DF /* main.m in Sources */,
				CD67EA401C6E58BF0061BA00 /* RootView.m in Sources */,
				CD4FE6501C85C98700FC6456 /* OverlayTextView.m in Sources */,
				CD0C46251C67475D003910DF /* AppDelegate.m in Sources */,
				CD791E7D1C69A3080098F7C3 /* MagnetOpenController.m in Sources */,
				CD724E231C6A311000F931C0 /* MpvController.m in Sources */,
				CD28138A1C94527C0039D143 /* Playlist.m in Sources */,
			);
			runOnlyForDeploymentPostprocessing = 0;
		};
/* End PBXSourcesBuildPhase section */

/* Begin PBXVariantGroup section */
		CD0C462B1C67475D003910DF /* MainMenu.xib */ = {
			isa = PBXVariantGroup;
			children = (
				CD0C462C1C67475D003910DF /* Base */,
			);
			name = MainMenu.xib;
			sourceTree = "<group>";
		};
/* End PBXVariantGroup section */

/* Begin XCBuildConfiguration section */
		CD0C462F1C67475D003910DF /* Debug */ = {
			isa = XCBuildConfiguration;
			buildSettings = {
				ALWAYS_SEARCH_USER_PATHS = NO;
				CLANG_CXX_LANGUAGE_STANDARD = "gnu++0x";
				CLANG_CXX_LIBRARY = "libc++";
				CLANG_ENABLE_MODULES = YES;
				CLANG_ENABLE_OBJC_ARC = YES;
				CLANG_WARN_BOOL_CONVERSION = YES;
				CLANG_WARN_CONSTANT_CONVERSION = YES;
				CLANG_WARN_DIRECT_OBJC_ISA_USAGE = YES_ERROR;
				CLANG_WARN_EMPTY_BODY = YES;
				CLANG_WARN_ENUM_CONVERSION = YES;
				CLANG_WARN_INT_CONVERSION = YES;
				CLANG_WARN_OBJC_ROOT_CLASS = YES_ERROR;
				CLANG_WARN_UNREACHABLE_CODE = YES;
				CLANG_WARN__DUPLICATE_METHOD_MATCH = YES;
				CODE_SIGN_IDENTITY = "-";
				COPY_PHASE_STRIP = NO;
				DEBUG_INFORMATION_FORMAT = dwarf;
				ENABLE_STRICT_OBJC_MSGSEND = YES;
				ENABLE_TESTABILITY = YES;
				GCC_C_LANGUAGE_STANDARD = gnu99;
				GCC_DYNAMIC_NO_PIC = NO;
				GCC_NO_COMMON_BLOCKS = YES;
				GCC_OPTIMIZATION_LEVEL = 0;
				GCC_PREPROCESSOR_DEFINITIONS = (
					"DEBUG=1",
					"$(inherited)",
				);
				GCC_WARN_64_TO_32_BIT_CONVERSION = YES;
				GCC_WARN_ABOUT_RETURN_TYPE = YES_ERROR;
				GCC_WARN_UNDECLARED_SELECTOR = YES;
				GCC_WARN_UNINITIALIZED_AUTOS = YES_AGGRESSIVE;
				GCC_WARN_UNUSED_FUNCTION = YES;
				GCC_WARN_UNUSED_VARIABLE = YES;
				MACOSX_DEPLOYMENT_TARGET = 10.10;
				MTL_ENABLE_DEBUG_INFO = YES;
				ONLY_ACTIVE_ARCH = YES;
				SDKROOT = macosx;
			};
			name = Debug;
		};
		CD0C46301C67475D003910DF /* Release */ = {
			isa = XCBuildConfiguration;
			buildSettings = {
				ALWAYS_SEARCH_USER_PATHS = NO;
				CLANG_CXX_LANGUAGE_STANDARD = "gnu++0x";
				CLANG_CXX_LIBRARY = "libc++";
				CLANG_ENABLE_MODULES = YES;
				CLANG_ENABLE_OBJC_ARC = YES;
				CLANG_WARN_BOOL_CONVERSION = YES;
				CLANG_WARN_CONSTANT_CONVERSION = YES;
				CLANG_WARN_DIRECT_OBJC_ISA_USAGE = YES_ERROR;
				CLANG_WARN_EMPTY_BODY = YES;
				CLANG_WARN_ENUM_CONVERSION = YES;
				CLANG_WARN_INT_CONVERSION = YES;
				CLANG_WARN_OBJC_ROOT_CLASS = YES_ERROR;
				CLANG_WARN_UNREACHABLE_CODE = YES;
				CLANG_WARN__DUPLICATE_METHOD_MATCH = YES;
				CODE_SIGN_IDENTITY = "-";
				COPY_PHASE_STRIP = NO;
				DEBUG_INFORMATION_FORMAT = "dwarf-with-dsym";
				ENABLE_NS_ASSERTIONS = NO;
				ENABLE_STRICT_OBJC_MSGSEND = YES;
				GCC_C_LANGUAGE_STANDARD = gnu99;
				GCC_NO_COMMON_BLOCKS = YES;
				GCC_WARN_64_TO_32_BIT_CONVERSION = YES;
				GCC_WARN_ABOUT_RETURN_TYPE = YES_ERROR;
				GCC_WARN_UNDECLARED_SELECTOR = YES;
				GCC_WARN_UNINITIALIZED_AUTOS = YES_AGGRESSIVE;
				GCC_WARN_UNUSED_FUNCTION = YES;
				GCC_WARN_UNUSED_VARIABLE = YES;
				MACOSX_DEPLOYMENT_TARGET = 10.10;
				MTL_ENABLE_DEBUG_INFO = NO;
				SDKROOT = macosx;
			};
			name = Release;
		};
		CD0C46321C67475D003910DF /* Debug */ = {
			isa = XCBuildConfiguration;
			buildSettings = {
				ASSETCATALOG_COMPILER_APPICON_NAME = AppIcon;
				COMBINE_HIDPI_IMAGES = YES;
				HEADER_SEARCH_PATHS = /usr/local/include;
				INFOPLIST_FILE = PeerPlayer/Info.plist;
				LD_RUNPATH_SEARCH_PATHS = "$(inherited) @executable_path/../Frameworks";
				LIBRARY_SEARCH_PATHS = (
					"$(inherited)",
					/usr/local/lib,
					"$(PROJECT_DIR)/go-peerflix",
				);
				OTHER_LDFLAGS = "-lmpv";
				PRODUCT_BUNDLE_IDENTIFIER = com.hackerstalk.peerplayer.PeerPlayer;
				PRODUCT_NAME = "$(TARGET_NAME)";
			};
			name = Debug;
		};
		CD0C46331C67475D003910DF /* Release */ = {
			isa = XCBuildConfiguration;
			buildSettings = {
				ASSETCATALOG_COMPILER_APPICON_NAME = AppIcon;
				COMBINE_HIDPI_IMAGES = YES;
				HEADER_SEARCH_PATHS = /usr/local/include;
				INFOPLIST_FILE = PeerPlayer/Info.plist;
				LD_RUNPATH_SEARCH_PATHS = "$(inherited) @executable_path/../Frameworks";
				LIBRARY_SEARCH_PATHS = (
					"$(inherited)",
					/usr/local/lib,
					"$(PROJECT_DIR)/go-peerflix",
				);
				OTHER_LDFLAGS = "-lmpv";
				PRODUCT_BUNDLE_IDENTIFIER = com.hackerstalk.peerplayer.PeerPlayer;
				PRODUCT_NAME = "$(TARGET_NAME)";
			};
			name = Release;
		};
/* End XCBuildConfiguration section */

/* Begin XCConfigurationList section */
		CD0C461B1C67475D003910DF /* Build configuration list for PBXProject "PeerPlayer" */ = {
			isa = XCConfigurationList;
			buildConfigurations = (
				CD0C462F1C67475D003910DF /* Debug */,
				CD0C46301C67475D003910DF /* Release */,
			);
			defaultConfigurationIsVisible = 0;
			defaultConfigurationName = Release;
		};
		CD0C46311C67475D003910DF /* Build configuration list for PBXNativeTarget "PeerPlayer" */ = {
			isa = XCConfigurationList;
			buildConfigurations = (
				CD0C46321C67475D003910DF /* Debug */,
				CD0C46331C67475D003910DF /* Release */,
			);
			defaultConfigurationIsVisible = 0;
			defaultConfigurationName = Release;
		};
/* End XCConfigurationList section */
	};
	rootObject = CD0C46181C67475D003910DF /* Project object */;
}
